// !$*UTF8*$!
{
	archiveVersion = 1;
	classes = {
	};
	objectVersion = 56;
	objects = {

/* Begin PBXBuildFile section */
		110F91DA29A0846C00AD3DED /* MovieCalApp.swift in Sources */ = {isa = PBXBuildFile; fileRef = 110F91D929A0846C00AD3DED /* MovieCalApp.swift */; };
		110F91DC29A0846C00AD3DED /* ContentView.swift in Sources */ = {isa = PBXBuildFile; fileRef = 110F91DB29A0846C00AD3DED /* ContentView.swift */; };
		110F91DE29A0846E00AD3DED /* Assets.xcassets in Resources */ = {isa = PBXBuildFile; fileRef = 110F91DD29A0846E00AD3DED /* Assets.xcassets */; };
		110F91E129A0846E00AD3DED /* Preview Assets.xcassets in Resources */ = {isa = PBXBuildFile; fileRef = 110F91E029A0846E00AD3DED /* Preview Assets.xcassets */; };
		110F91EB29A0846E00AD3DED /* MovieCalTests.swift in Sources */ = {isa = PBXBuildFile; fileRef = 110F91EA29A0846E00AD3DED /* MovieCalTests.swift */; };
		110F91F529A0846E00AD3DED /* MovieCalUITests.swift in Sources */ = {isa = PBXBuildFile; fileRef = 110F91F429A0846E00AD3DED /* MovieCalUITests.swift */; };
		110F91F729A0846E00AD3DED /* MovieCalUITestsLaunchTests.swift in Sources */ = {isa = PBXBuildFile; fileRef = 110F91F629A0846E00AD3DED /* MovieCalUITestsLaunchTests.swift */; };
		110F920429A0847E00AD3DED /* ContentViewModel.swift in Sources */ = {isa = PBXBuildFile; fileRef = 110F920329A0847E00AD3DED /* ContentViewModel.swift */; };
		110F920929A095F800AD3DED /* Thread+Closures.swift in Sources */ = {isa = PBXBuildFile; fileRef = 110F920829A095F800AD3DED /* Thread+Closures.swift */; };
		110F920D29A0973600AD3DED /* SearchView.swift in Sources */ = {isa = PBXBuildFile; fileRef = 110F920C29A0973600AD3DED /* SearchView.swift */; };
		110F921329A0A56E00AD3DED /* Nuke in Frameworks */ = {isa = PBXBuildFile; productRef = 110F921229A0A56E00AD3DED /* Nuke */; };
		110F921529A0A56E00AD3DED /* NukeUI in Frameworks */ = {isa = PBXBuildFile; productRef = 110F921429A0A56E00AD3DED /* NukeUI */; };
		110F921729A0AC8000AD3DED /* MoviesView.swift in Sources */ = {isa = PBXBuildFile; fileRef = 110F921629A0AC8000AD3DED /* MoviesView.swift */; };
		110F921929A0AC8400AD3DED /* AddedPeopleView.swift in Sources */ = {isa = PBXBuildFile; fileRef = 110F921829A0AC8400AD3DED /* AddedPeopleView.swift */; };
		110F921B29A0B0BE00AD3DED /* FilterView.swift in Sources */ = {isa = PBXBuildFile; fileRef = 110F921A29A0B0BE00AD3DED /* FilterView.swift */; };
		110F921E29A1650600AD3DED /* FilterViewModel.swift in Sources */ = {isa = PBXBuildFile; fileRef = 110F921D29A1650600AD3DED /* FilterViewModel.swift */; };
		110F922129A1654100AD3DED /* Blocks.swift in Sources */ = {isa = PBXBuildFile; fileRef = 110F922029A1654100AD3DED /* Blocks.swift */; };
		110F924229A1677B00AD3DED /* Data+String.swift in Sources */ = {isa = PBXBuildFile; fileRef = 110F924129A1677B00AD3DED /* Data+String.swift */; };
		110F924429A167AD00AD3DED /* String+Empty.swift in Sources */ = {isa = PBXBuildFile; fileRef = 110F924329A167AD00AD3DED /* String+Empty.swift */; };
		110F924729A16B9B00AD3DED /* GRDB in Frameworks */ = {isa = PBXBuildFile; productRef = 110F924629A16B9B00AD3DED /* GRDB */; };
		110F924929A16BD300AD3DED /* Database.swift in Sources */ = {isa = PBXBuildFile; fileRef = 110F924829A16BD300AD3DED /* Database.swift */; };
		110F924B29A16DA100AD3DED /* Database+Migrator.swift in Sources */ = {isa = PBXBuildFile; fileRef = 110F924A29A16DA100AD3DED /* Database+Migrator.swift */; };
		110F924D29A1711D00AD3DED /* Movie.swift in Sources */ = {isa = PBXBuildFile; fileRef = 110F924C29A1711D00AD3DED /* Movie.swift */; };
		110F924F29A1714B00AD3DED /* Genre.swift in Sources */ = {isa = PBXBuildFile; fileRef = 110F924E29A1714B00AD3DED /* Genre.swift */; };
		110F925129A171E600AD3DED /* MovieGenre.swift in Sources */ = {isa = PBXBuildFile; fileRef = 110F925029A171E600AD3DED /* MovieGenre.swift */; };
		110F925329A178DA00AD3DED /* Person.swift in Sources */ = {isa = PBXBuildFile; fileRef = 110F925229A178DA00AD3DED /* Person.swift */; };
		110F925529A17DCD00AD3DED /* PersonMovie.swift in Sources */ = {isa = PBXBuildFile; fileRef = 110F925429A17DCD00AD3DED /* PersonMovie.swift */; };
		110F925A29A1A93B00AD3DED /* CollectionConcurrencyKit in Frameworks */ = {isa = PBXBuildFile; productRef = 110F925929A1A93B00AD3DED /* CollectionConcurrencyKit */; };
		110F925E29A2435200AD3DED /* DetailView.swift in Sources */ = {isa = PBXBuildFile; fileRef = 110F925D29A2435200AD3DED /* DetailView.swift */; };
		FC8838352AE391AD00AB8CC4 /* NotesClient.swift in Sources */ = {isa = PBXBuildFile; fileRef = FC8838342AE391AD00AB8CC4 /* NotesClient.swift */; };
		FC8838372AE39B7C00AB8CC4 /* PeopleNotesView.swift in Sources */ = {isa = PBXBuildFile; fileRef = FC8838362AE39B7C00AB8CC4 /* PeopleNotesView.swift */; };
		FC8838392AE39F3000AB8CC4 /* PeopleView.swift in Sources */ = {isa = PBXBuildFile; fileRef = FC8838382AE39F3000AB8CC4 /* PeopleView.swift */; };
		FC94A9DF2AE2436300E1A595 /* DylKit in Frameworks */ = {isa = PBXBuildFile; productRef = FC94A9DE2AE2436300E1A595 /* DylKit */; };
		FC94A9E12AE257DD00E1A595 /* CreditedMovie.swift in Sources */ = {isa = PBXBuildFile; fileRef = FC94A9E02AE257DD00E1A595 /* CreditedMovie.swift */; };
		FC94A9E52AE276F500E1A595 /* DetailViewModel.swift in Sources */ = {isa = PBXBuildFile; fileRef = FC94A9E42AE276F500E1A595 /* DetailViewModel.swift */; };
		FC94A9E82AE2780B00E1A595 /* HiddenMovie.swift in Sources */ = {isa = PBXBuildFile; fileRef = FC94A9E72AE2780B00E1A595 /* HiddenMovie.swift */; };
		FC94A9EB2AE2812100E1A595 /* HideView.swift in Sources */ = {isa = PBXBuildFile; fileRef = FC94A9EA2AE2812100E1A595 /* HideView.swift */; };
		FCAC75942D4CC08000E93076 /* MovieClient.swift in Sources */ = {isa = PBXBuildFile; fileRef = FCAC75932D4CC08000E93076 /* MovieClient.swift */; };
		FCC3FE982D52FEE6003027E5 /* PeopleViewModel.swift in Sources */ = {isa = PBXBuildFile; fileRef = FCC3FE972D52FEE6003027E5 /* PeopleViewModel.swift */; };
		FCC3FE9A2D52FFC7003027E5 /* PeopleNotesViewModel.swift in Sources */ = {isa = PBXBuildFile; fileRef = FCC3FE992D52FFC7003027E5 /* PeopleNotesViewModel.swift */; };
		FCC3FE9D2D5301B0003027E5 /* NotesViewModel.swift in Sources */ = {isa = PBXBuildFile; fileRef = FCC3FE9C2D5301B0003027E5 /* NotesViewModel.swift */; };
		FCC3FE9F2D530383003027E5 /* AddedPeopleViewModel.swift in Sources */ = {isa = PBXBuildFile; fileRef = FCC3FE9E2D530383003027E5 /* AddedPeopleViewModel.swift */; };
/* End PBXBuildFile section */

/* Begin PBXContainerItemProxy section */
		110F91E729A0846E00AD3DED /* PBXContainerItemProxy */ = {
			isa = PBXContainerItemProxy;
			containerPortal = 110F91CE29A0846C00AD3DED /* Project object */;
			proxyType = 1;
			remoteGlobalIDString = 110F91D529A0846C00AD3DED;
			remoteInfo = MovieCal;
		};
		110F91F129A0846E00AD3DED /* PBXContainerItemProxy */ = {
			isa = PBXContainerItemProxy;
			containerPortal = 110F91CE29A0846C00AD3DED /* Project object */;
			proxyType = 1;
			remoteGlobalIDString = 110F91D529A0846C00AD3DED;
			remoteInfo = MovieCal;
		};
/* End PBXContainerItemProxy section */

/* Begin PBXFileReference section */
		110F91D629A0846C00AD3DED /* MovieCal.app */ = {isa = PBXFileReference; explicitFileType = wrapper.application; includeInIndex = 0; path = MovieCal.app; sourceTree = BUILT_PRODUCTS_DIR; };
		110F91D929A0846C00AD3DED /* MovieCalApp.swift */ = {isa = PBXFileReference; lastKnownFileType = sourcecode.swift; path = MovieCalApp.swift; sourceTree = "<group>"; };
		110F91DB29A0846C00AD3DED /* ContentView.swift */ = {isa = PBXFileReference; lastKnownFileType = sourcecode.swift; path = ContentView.swift; sourceTree = "<group>"; };
		110F91DD29A0846E00AD3DED /* Assets.xcassets */ = {isa = PBXFileReference; lastKnownFileType = folder.assetcatalog; path = Assets.xcassets; sourceTree = "<group>"; };
		110F91E029A0846E00AD3DED /* Preview Assets.xcassets */ = {isa = PBXFileReference; lastKnownFileType = folder.assetcatalog; path = "Preview Assets.xcassets"; sourceTree = "<group>"; };
		110F91E629A0846E00AD3DED /* MovieCalTests.xctest */ = {isa = PBXFileReference; explicitFileType = wrapper.cfbundle; includeInIndex = 0; path = MovieCalTests.xctest; sourceTree = BUILT_PRODUCTS_DIR; };
		110F91EA29A0846E00AD3DED /* MovieCalTests.swift */ = {isa = PBXFileReference; lastKnownFileType = sourcecode.swift; path = MovieCalTests.swift; sourceTree = "<group>"; };
		110F91F029A0846E00AD3DED /* MovieCalUITests.xctest */ = {isa = PBXFileReference; explicitFileType = wrapper.cfbundle; includeInIndex = 0; path = MovieCalUITests.xctest; sourceTree = BUILT_PRODUCTS_DIR; };
		110F91F429A0846E00AD3DED /* MovieCalUITests.swift */ = {isa = PBXFileReference; lastKnownFileType = sourcecode.swift; path = MovieCalUITests.swift; sourceTree = "<group>"; };
		110F91F629A0846E00AD3DED /* MovieCalUITestsLaunchTests.swift */ = {isa = PBXFileReference; lastKnownFileType = sourcecode.swift; path = MovieCalUITestsLaunchTests.swift; sourceTree = "<group>"; };
		110F920329A0847E00AD3DED /* ContentViewModel.swift */ = {isa = PBXFileReference; lastKnownFileType = sourcecode.swift; path = ContentViewModel.swift; sourceTree = "<group>"; };
		110F920829A095F800AD3DED /* Thread+Closures.swift */ = {isa = PBXFileReference; lastKnownFileType = sourcecode.swift; path = "Thread+Closures.swift"; sourceTree = "<group>"; };
		110F920C29A0973600AD3DED /* SearchView.swift */ = {isa = PBXFileReference; lastKnownFileType = sourcecode.swift; path = SearchView.swift; sourceTree = "<group>"; };
		110F921629A0AC8000AD3DED /* MoviesView.swift */ = {isa = PBXFileReference; lastKnownFileType = sourcecode.swift; path = MoviesView.swift; sourceTree = "<group>"; };
		110F921829A0AC8400AD3DED /* AddedPeopleView.swift */ = {isa = PBXFileReference; lastKnownFileType = sourcecode.swift; path = AddedPeopleView.swift; sourceTree = "<group>"; };
		110F921A29A0B0BE00AD3DED /* FilterView.swift */ = {isa = PBXFileReference; lastKnownFileType = sourcecode.swift; path = FilterView.swift; sourceTree = "<group>"; };
		110F921D29A1650600AD3DED /* FilterViewModel.swift */ = {isa = PBXFileReference; lastKnownFileType = sourcecode.swift; path = FilterViewModel.swift; sourceTree = "<group>"; };
		110F922029A1654100AD3DED /* Blocks.swift */ = {isa = PBXFileReference; lastKnownFileType = sourcecode.swift; path = Blocks.swift; sourceTree = "<group>"; };
		110F924129A1677B00AD3DED /* Data+String.swift */ = {isa = PBXFileReference; lastKnownFileType = sourcecode.swift; path = "Data+String.swift"; sourceTree = "<group>"; };
		110F924329A167AD00AD3DED /* String+Empty.swift */ = {isa = PBXFileReference; lastKnownFileType = sourcecode.swift; path = "String+Empty.swift"; sourceTree = "<group>"; };
		110F924829A16BD300AD3DED /* Database.swift */ = {isa = PBXFileReference; lastKnownFileType = sourcecode.swift; path = Database.swift; sourceTree = "<group>"; };
		110F924A29A16DA100AD3DED /* Database+Migrator.swift */ = {isa = PBXFileReference; lastKnownFileType = sourcecode.swift; path = "Database+Migrator.swift"; sourceTree = "<group>"; };
		110F924C29A1711D00AD3DED /* Movie.swift */ = {isa = PBXFileReference; lastKnownFileType = sourcecode.swift; path = Movie.swift; sourceTree = "<group>"; };
		110F924E29A1714B00AD3DED /* Genre.swift */ = {isa = PBXFileReference; lastKnownFileType = sourcecode.swift; path = Genre.swift; sourceTree = "<group>"; };
		110F925029A171E600AD3DED /* MovieGenre.swift */ = {isa = PBXFileReference; lastKnownFileType = sourcecode.swift; path = MovieGenre.swift; sourceTree = "<group>"; };
		110F925229A178DA00AD3DED /* Person.swift */ = {isa = PBXFileReference; lastKnownFileType = sourcecode.swift; path = Person.swift; sourceTree = "<group>"; };
		110F925429A17DCD00AD3DED /* PersonMovie.swift */ = {isa = PBXFileReference; lastKnownFileType = sourcecode.swift; path = PersonMovie.swift; sourceTree = "<group>"; };
		110F925D29A2435200AD3DED /* DetailView.swift */ = {isa = PBXFileReference; lastKnownFileType = sourcecode.swift; path = DetailView.swift; sourceTree = "<group>"; };
		FC8838342AE391AD00AB8CC4 /* NotesClient.swift */ = {isa = PBXFileReference; lastKnownFileType = sourcecode.swift; path = NotesClient.swift; sourceTree = "<group>"; };
		FC8838362AE39B7C00AB8CC4 /* PeopleNotesView.swift */ = {isa = PBXFileReference; lastKnownFileType = sourcecode.swift; path = PeopleNotesView.swift; sourceTree = "<group>"; };
		FC8838382AE39F3000AB8CC4 /* PeopleView.swift */ = {isa = PBXFileReference; lastKnownFileType = sourcecode.swift; path = PeopleView.swift; sourceTree = "<group>"; };
		FC94A9DC2AE2434B00E1A595 /* DylKit */ = {isa = PBXFileReference; lastKnownFileType = wrapper; name = DylKit; path = ../DylKit; sourceTree = "<group>"; };
		FC94A9E02AE257DD00E1A595 /* CreditedMovie.swift */ = {isa = PBXFileReference; lastKnownFileType = sourcecode.swift; path = CreditedMovie.swift; sourceTree = "<group>"; };
		FC94A9E42AE276F500E1A595 /* DetailViewModel.swift */ = {isa = PBXFileReference; lastKnownFileType = sourcecode.swift; path = DetailViewModel.swift; sourceTree = "<group>"; };
		FC94A9E72AE2780B00E1A595 /* HiddenMovie.swift */ = {isa = PBXFileReference; lastKnownFileType = sourcecode.swift; path = HiddenMovie.swift; sourceTree = "<group>"; };
		FC94A9EA2AE2812100E1A595 /* HideView.swift */ = {isa = PBXFileReference; lastKnownFileType = sourcecode.swift; path = HideView.swift; sourceTree = "<group>"; };
		FCAC75932D4CC08000E93076 /* MovieClient.swift */ = {isa = PBXFileReference; fileEncoding = 4; lastKnownFileType = sourcecode.swift; path = MovieClient.swift; sourceTree = "<group>"; };
		FCC3FE972D52FEE6003027E5 /* PeopleViewModel.swift */ = {isa = PBXFileReference; lastKnownFileType = sourcecode.swift; path = PeopleViewModel.swift; sourceTree = "<group>"; };
		FCC3FE992D52FFC7003027E5 /* PeopleNotesViewModel.swift */ = {isa = PBXFileReference; lastKnownFileType = sourcecode.swift; path = PeopleNotesViewModel.swift; sourceTree = "<group>"; };
		FCC3FE9C2D5301B0003027E5 /* NotesViewModel.swift */ = {isa = PBXFileReference; lastKnownFileType = sourcecode.swift; path = NotesViewModel.swift; sourceTree = "<group>"; };
		FCC3FE9E2D530383003027E5 /* AddedPeopleViewModel.swift */ = {isa = PBXFileReference; lastKnownFileType = sourcecode.swift; path = AddedPeopleViewModel.swift; sourceTree = "<group>"; };
/* End PBXFileReference section */

/* Begin PBXFrameworksBuildPhase section */
		110F91D329A0846C00AD3DED /* Frameworks */ = {
			isa = PBXFrameworksBuildPhase;
			buildActionMask = 2147483647;
			files = (
				FC94A9DF2AE2436300E1A595 /* DylKit in Frameworks */,
				110F924729A16B9B00AD3DED /* GRDB in Frameworks */,
				110F921329A0A56E00AD3DED /* Nuke in Frameworks */,
				110F921529A0A56E00AD3DED /* NukeUI in Frameworks */,
				110F925A29A1A93B00AD3DED /* CollectionConcurrencyKit in Frameworks */,
			);
			runOnlyForDeploymentPostprocessing = 0;
		};
		110F91E329A0846E00AD3DED /* Frameworks */ = {
			isa = PBXFrameworksBuildPhase;
			buildActionMask = 2147483647;
			files = (
			);
			runOnlyForDeploymentPostprocessing = 0;
		};
		110F91ED29A0846E00AD3DED /* Frameworks */ = {
			isa = PBXFrameworksBuildPhase;
			buildActionMask = 2147483647;
			files = (
			);
			runOnlyForDeploymentPostprocessing = 0;
		};
/* End PBXFrameworksBuildPhase section */

/* Begin PBXGroup section */
		110F91CD29A0846C00AD3DED = {
			isa = PBXGroup;
			children = (
				FC94A9DB2AE2434B00E1A595 /* Packages */,
				110F91D829A0846C00AD3DED /* MovieCal */,
				110F91E929A0846E00AD3DED /* MovieCalTests */,
				110F91F329A0846E00AD3DED /* MovieCalUITests */,
				110F91D729A0846C00AD3DED /* Products */,
				FC94A9DD2AE2436300E1A595 /* Frameworks */,
			);
			sourceTree = "<group>";
		};
		110F91D729A0846C00AD3DED /* Products */ = {
			isa = PBXGroup;
			children = (
				110F91D629A0846C00AD3DED /* MovieCal.app */,
				110F91E629A0846E00AD3DED /* MovieCalTests.xctest */,
				110F91F029A0846E00AD3DED /* MovieCalUITests.xctest */,
			);
			name = Products;
			sourceTree = "<group>";
		};
		110F91D829A0846C00AD3DED /* MovieCal */ = {
			isa = PBXGroup;
			children = (
				110F920729A095E800AD3DED /* Extensions */,
				110F91D929A0846C00AD3DED /* MovieCalApp.swift */,
				FC8838342AE391AD00AB8CC4 /* NotesClient.swift */,
				FCAC75932D4CC08000E93076 /* MovieClient.swift */,
				110F922629A1659300AD3DED /* Model */,
				110F923E29A166FE00AD3DED /* Screens */,
				110F91DD29A0846E00AD3DED /* Assets.xcassets */,
				110F91DF29A0846E00AD3DED /* Preview Content */,
			);
			path = MovieCal;
			sourceTree = "<group>";
		};
		110F91DF29A0846E00AD3DED /* Preview Content */ = {
			isa = PBXGroup;
			children = (
				110F91E029A0846E00AD3DED /* Preview Assets.xcassets */,
			);
			path = "Preview Content";
			sourceTree = "<group>";
		};
		110F91E929A0846E00AD3DED /* MovieCalTests */ = {
			isa = PBXGroup;
			children = (
				110F91EA29A0846E00AD3DED /* MovieCalTests.swift */,
			);
			path = MovieCalTests;
			sourceTree = "<group>";
		};
		110F91F329A0846E00AD3DED /* MovieCalUITests */ = {
			isa = PBXGroup;
			children = (
				110F91F429A0846E00AD3DED /* MovieCalUITests.swift */,
				110F91F629A0846E00AD3DED /* MovieCalUITestsLaunchTests.swift */,
			);
			path = MovieCalUITests;
			sourceTree = "<group>";
		};
		110F920729A095E800AD3DED /* Extensions */ = {
			isa = PBXGroup;
			children = (
				110F920829A095F800AD3DED /* Thread+Closures.swift */,
				110F922029A1654100AD3DED /* Blocks.swift */,
				110F924129A1677B00AD3DED /* Data+String.swift */,
				110F924329A167AD00AD3DED /* String+Empty.swift */,
			);
			path = Extensions;
			sourceTree = "<group>";
		};
		110F920A29A0972200AD3DED /* MoviesList */ = {
			isa = PBXGroup;
			children = (
				110F91DB29A0846C00AD3DED /* ContentView.swift */,
				110F920329A0847E00AD3DED /* ContentViewModel.swift */,
				110F921629A0AC8000AD3DED /* MoviesView.swift */,
			);
			path = MoviesList;
			sourceTree = "<group>";
		};
		110F920B29A0972A00AD3DED /* SearchPeople */ = {
			isa = PBXGroup;
			children = (
				110F920C29A0973600AD3DED /* SearchView.swift */,
			);
			path = SearchPeople;
			sourceTree = "<group>";
		};
		110F921C29A164FE00AD3DED /* Filter */ = {
			isa = PBXGroup;
			children = (
				110F921A29A0B0BE00AD3DED /* FilterView.swift */,
				110F921D29A1650600AD3DED /* FilterViewModel.swift */,
			);
			path = Filter;
			sourceTree = "<group>";
		};
		110F922629A1659300AD3DED /* Model */ = {
			isa = PBXGroup;
			children = (
				110F924829A16BD300AD3DED /* Database.swift */,
				110F924A29A16DA100AD3DED /* Database+Migrator.swift */,
				110F924C29A1711D00AD3DED /* Movie.swift */,
				110F924E29A1714B00AD3DED /* Genre.swift */,
				110F925229A178DA00AD3DED /* Person.swift */,
				110F925429A17DCD00AD3DED /* PersonMovie.swift */,
				FC94A9E02AE257DD00E1A595 /* CreditedMovie.swift */,
				110F925029A171E600AD3DED /* MovieGenre.swift */,
				FC94A9E72AE2780B00E1A595 /* HiddenMovie.swift */,
			);
			path = Model;
			sourceTree = "<group>";
		};
		110F923E29A166FE00AD3DED /* Screens */ = {
			isa = PBXGroup;
			children = (
				FCC3FE9B2D5301A6003027E5 /* Notes */,
				FCC3FE962D52FED3003027E5 /* PeopleList */,
				FC94A9E92AE2811600E1A595 /* Hide */,
				110F920B29A0972A00AD3DED /* SearchPeople */,
				110F920A29A0972200AD3DED /* MoviesList */,
				110F921C29A164FE00AD3DED /* Filter */,
				FC94A9E62AE276F900E1A595 /* Movie Detail */,
			);
			path = Screens;
			sourceTree = "<group>";
		};
		FC94A9DB2AE2434B00E1A595 /* Packages */ = {
			isa = PBXGroup;
			children = (
				FC94A9DC2AE2434B00E1A595 /* DylKit */,
			);
			name = Packages;
			sourceTree = "<group>";
		};
		FC94A9DD2AE2436300E1A595 /* Frameworks */ = {
			isa = PBXGroup;
			children = (
			);
			name = Frameworks;
			sourceTree = "<group>";
		};
		FC94A9E62AE276F900E1A595 /* Movie Detail */ = {
			isa = PBXGroup;
			children = (
				110F925D29A2435200AD3DED /* DetailView.swift */,
				FC94A9E42AE276F500E1A595 /* DetailViewModel.swift */,
			);
			path = "Movie Detail";
			sourceTree = "<group>";
		};
		FC94A9E92AE2811600E1A595 /* Hide */ = {
			isa = PBXGroup;
			children = (
				FC94A9EA2AE2812100E1A595 /* HideView.swift */,
			);
			path = Hide;
			sourceTree = "<group>";
		};
		FCC3FE962D52FED3003027E5 /* PeopleList */ = {
			isa = PBXGroup;
			children = (
				FC8838362AE39B7C00AB8CC4 /* PeopleNotesView.swift */,
				FCC3FE992D52FFC7003027E5 /* PeopleNotesViewModel.swift */,
				FC8838382AE39F3000AB8CC4 /* PeopleView.swift */,
				FCC3FE972D52FEE6003027E5 /* PeopleViewModel.swift */,
				110F921829A0AC8400AD3DED /* AddedPeopleView.swift */,
				FCC3FE9E2D530383003027E5 /* AddedPeopleViewModel.swift */,
			);
			path = PeopleList;
			sourceTree = "<group>";
		};
		FCC3FE9B2D5301A6003027E5 /* Notes */ = {
			isa = PBXGroup;
			children = (
				FCC3FE9C2D5301B0003027E5 /* NotesViewModel.swift */,
			);
			path = Notes;
			sourceTree = "<group>";
		};
/* End PBXGroup section */

/* Begin PBXNativeTarget section */
		110F91D529A0846C00AD3DED /* MovieCal */ = {
			isa = PBXNativeTarget;
			buildConfigurationList = 110F91FA29A0846E00AD3DED /* Build configuration list for PBXNativeTarget "MovieCal" */;
			buildPhases = (
				110F91D229A0846C00AD3DED /* Sources */,
				110F91D329A0846C00AD3DED /* Frameworks */,
				110F91D429A0846C00AD3DED /* Resources */,
			);
			buildRules = (
			);
			dependencies = (
			);
			name = MovieCal;
			packageProductDependencies = (
				110F921229A0A56E00AD3DED /* Nuke */,
				110F921429A0A56E00AD3DED /* NukeUI */,
				110F924629A16B9B00AD3DED /* GRDB */,
				110F925929A1A93B00AD3DED /* CollectionConcurrencyKit */,
				FC94A9DE2AE2436300E1A595 /* DylKit */,
			);
			productName = MovieCal;
			productReference = 110F91D629A0846C00AD3DED /* MovieCal.app */;
			productType = "com.apple.product-type.application";
		};
		110F91E529A0846E00AD3DED /* MovieCalTests */ = {
			isa = PBXNativeTarget;
			buildConfigurationList = 110F91FD29A0846E00AD3DED /* Build configuration list for PBXNativeTarget "MovieCalTests" */;
			buildPhases = (
				110F91E229A0846E00AD3DED /* Sources */,
				110F91E329A0846E00AD3DED /* Frameworks */,
				110F91E429A0846E00AD3DED /* Resources */,
			);
			buildRules = (
			);
			dependencies = (
				110F91E829A0846E00AD3DED /* PBXTargetDependency */,
			);
			name = MovieCalTests;
			productName = MovieCalTests;
			productReference = 110F91E629A0846E00AD3DED /* MovieCalTests.xctest */;
			productType = "com.apple.product-type.bundle.unit-test";
		};
		110F91EF29A0846E00AD3DED /* MovieCalUITests */ = {
			isa = PBXNativeTarget;
			buildConfigurationList = 110F920029A0846E00AD3DED /* Build configuration list for PBXNativeTarget "MovieCalUITests" */;
			buildPhases = (
				110F91EC29A0846E00AD3DED /* Sources */,
				110F91ED29A0846E00AD3DED /* Frameworks */,
				110F91EE29A0846E00AD3DED /* Resources */,
			);
			buildRules = (
			);
			dependencies = (
				110F91F229A0846E00AD3DED /* PBXTargetDependency */,
			);
			name = MovieCalUITests;
			productName = MovieCalUITests;
			productReference = 110F91F029A0846E00AD3DED /* MovieCalUITests.xctest */;
			productType = "com.apple.product-type.bundle.ui-testing";
		};
/* End PBXNativeTarget section */

/* Begin PBXProject section */
		110F91CE29A0846C00AD3DED /* Project object */ = {
			isa = PBXProject;
			attributes = {
				BuildIndependentTargetsInParallel = 1;
				LastSwiftUpdateCheck = 1420;
				LastUpgradeCheck = 1420;
				TargetAttributes = {
					110F91D529A0846C00AD3DED = {
						CreatedOnToolsVersion = 14.2;
					};
					110F91E529A0846E00AD3DED = {
						CreatedOnToolsVersion = 14.2;
						TestTargetID = 110F91D529A0846C00AD3DED;
					};
					110F91EF29A0846E00AD3DED = {
						CreatedOnToolsVersion = 14.2;
						TestTargetID = 110F91D529A0846C00AD3DED;
					};
				};
			};
			buildConfigurationList = 110F91D129A0846C00AD3DED /* Build configuration list for PBXProject "MovieCal" */;
			compatibilityVersion = "Xcode 14.0";
			developmentRegion = en;
			hasScannedForEncodings = 0;
			knownRegions = (
				en,
				Base,
			);
			mainGroup = 110F91CD29A0846C00AD3DED;
			packageReferences = (
				110F921129A0A56E00AD3DED /* XCRemoteSwiftPackageReference "Nuke" */,
				110F924529A16B9B00AD3DED /* XCRemoteSwiftPackageReference "GRDB" */,
				110F925829A1A93B00AD3DED /* XCRemoteSwiftPackageReference "collectionconcurrencykit" */,
			);
			productRefGroup = 110F91D729A0846C00AD3DED /* Products */;
			projectDirPath = "";
			projectRoot = "";
			targets = (
				110F91D529A0846C00AD3DED /* MovieCal */,
				110F91E529A0846E00AD3DED /* MovieCalTests */,
				110F91EF29A0846E00AD3DED /* MovieCalUITests */,
			);
		};
/* End PBXProject section */

/* Begin PBXResourcesBuildPhase section */
		110F91D429A0846C00AD3DED /* Resources */ = {
			isa = PBXResourcesBuildPhase;
			buildActionMask = 2147483647;
			files = (
				110F91E129A0846E00AD3DED /* Preview Assets.xcassets in Resources */,
				110F91DE29A0846E00AD3DED /* Assets.xcassets in Resources */,
			);
			runOnlyForDeploymentPostprocessing = 0;
		};
		110F91E429A0846E00AD3DED /* Resources */ = {
			isa = PBXResourcesBuildPhase;
			buildActionMask = 2147483647;
			files = (
			);
			runOnlyForDeploymentPostprocessing = 0;
		};
		110F91EE29A0846E00AD3DED /* Resources */ = {
			isa = PBXResourcesBuildPhase;
			buildActionMask = 2147483647;
			files = (
			);
			runOnlyForDeploymentPostprocessing = 0;
		};
/* End PBXResourcesBuildPhase section */

/* Begin PBXSourcesBuildPhase section */
		110F91D229A0846C00AD3DED /* Sources */ = {
			isa = PBXSourcesBuildPhase;
			buildActionMask = 2147483647;
			files = (
				FC94A9E82AE2780B00E1A595 /* HiddenMovie.swift in Sources */,
				FC94A9E12AE257DD00E1A595 /* CreditedMovie.swift in Sources */,
				110F920929A095F800AD3DED /* Thread+Closures.swift in Sources */,
				FCC3FE9D2D5301B0003027E5 /* NotesViewModel.swift in Sources */,
				FCAC75942D4CC08000E93076 /* MovieClient.swift in Sources */,
				110F925E29A2435200AD3DED /* DetailView.swift in Sources */,
				110F91DC29A0846C00AD3DED /* ContentView.swift in Sources */,
				FC94A9E52AE276F500E1A595 /* DetailViewModel.swift in Sources */,
				110F921E29A1650600AD3DED /* FilterViewModel.swift in Sources */,
				110F91DA29A0846C00AD3DED /* MovieCalApp.swift in Sources */,
				FC8838392AE39F3000AB8CC4 /* PeopleView.swift in Sources */,
				FC8838352AE391AD00AB8CC4 /* NotesClient.swift in Sources */,
				110F921929A0AC8400AD3DED /* AddedPeopleView.swift in Sources */,
				110F921B29A0B0BE00AD3DED /* FilterView.swift in Sources */,
				FC8838372AE39B7C00AB8CC4 /* PeopleNotesView.swift in Sources */,
				FC94A9EB2AE2812100E1A595 /* HideView.swift in Sources */,
				110F924F29A1714B00AD3DED /* Genre.swift in Sources */,
				110F922129A1654100AD3DED /* Blocks.swift in Sources */,
				110F924429A167AD00AD3DED /* String+Empty.swift in Sources */,
				110F924B29A16DA100AD3DED /* Database+Migrator.swift in Sources */,
				110F920429A0847E00AD3DED /* ContentViewModel.swift in Sources */,
				110F921729A0AC8000AD3DED /* MoviesView.swift in Sources */,
				110F920D29A0973600AD3DED /* SearchView.swift in Sources */,
				110F925129A171E600AD3DED /* MovieGenre.swift in Sources */,
				FCC3FE9F2D530383003027E5 /* AddedPeopleViewModel.swift in Sources */,
				110F924D29A1711D00AD3DED /* Movie.swift in Sources */,
				110F924229A1677B00AD3DED /* Data+String.swift in Sources */,
				110F924929A16BD300AD3DED /* Database.swift in Sources */,
				FCC3FE9A2D52FFC7003027E5 /* PeopleNotesViewModel.swift in Sources */,
				FCC3FE982D52FEE6003027E5 /* PeopleViewModel.swift in Sources */,
				110F925529A17DCD00AD3DED /* PersonMovie.swift in Sources */,
				110F925329A178DA00AD3DED /* Person.swift in Sources */,
			);
			runOnlyForDeploymentPostprocessing = 0;
		};
		110F91E229A0846E00AD3DED /* Sources */ = {
			isa = PBXSourcesBuildPhase;
			buildActionMask = 2147483647;
			files = (
				110F91EB29A0846E00AD3DED /* MovieCalTests.swift in Sources */,
			);
			runOnlyForDeploymentPostprocessing = 0;
		};
		110F91EC29A0846E00AD3DED /* Sources */ = {
			isa = PBXSourcesBuildPhase;
			buildActionMask = 2147483647;
			files = (
				110F91F729A0846E00AD3DED /* MovieCalUITestsLaunchTests.swift in Sources */,
				110F91F529A0846E00AD3DED /* MovieCalUITests.swift in Sources */,
			);
			runOnlyForDeploymentPostprocessing = 0;
		};
/* End PBXSourcesBuildPhase section */

/* Begin PBXTargetDependency section */
		110F91E829A0846E00AD3DED /* PBXTargetDependency */ = {
			isa = PBXTargetDependency;
			target = 110F91D529A0846C00AD3DED /* MovieCal */;
			targetProxy = 110F91E729A0846E00AD3DED /* PBXContainerItemProxy */;
		};
		110F91F229A0846E00AD3DED /* PBXTargetDependency */ = {
			isa = PBXTargetDependency;
			target = 110F91D529A0846C00AD3DED /* MovieCal */;
			targetProxy = 110F91F129A0846E00AD3DED /* PBXContainerItemProxy */;
		};
/* End PBXTargetDependency section */

/* Begin XCBuildConfiguration section */
		110F91F829A0846E00AD3DED /* Debug */ = {
			isa = XCBuildConfiguration;
			buildSettings = {
				ALWAYS_SEARCH_USER_PATHS = NO;
				CLANG_ANALYZER_NONNULL = YES;
				CLANG_ANALYZER_NUMBER_OBJECT_CONVERSION = YES_AGGRESSIVE;
				CLANG_CXX_LANGUAGE_STANDARD = "gnu++20";
				CLANG_ENABLE_MODULES = YES;
				CLANG_ENABLE_OBJC_ARC = YES;
				CLANG_ENABLE_OBJC_WEAK = YES;
				CLANG_WARN_BLOCK_CAPTURE_AUTORELEASING = YES;
				CLANG_WARN_BOOL_CONVERSION = YES;
				CLANG_WARN_COMMA = YES;
				CLANG_WARN_CONSTANT_CONVERSION = YES;
				CLANG_WARN_DEPRECATED_OBJC_IMPLEMENTATIONS = YES;
				CLANG_WARN_DIRECT_OBJC_ISA_USAGE = YES_ERROR;
				CLANG_WARN_DOCUMENTATION_COMMENTS = YES;
				CLANG_WARN_EMPTY_BODY = YES;
				CLANG_WARN_ENUM_CONVERSION = YES;
				CLANG_WARN_INFINITE_RECURSION = YES;
				CLANG_WARN_INT_CONVERSION = YES;
				CLANG_WARN_NON_LITERAL_NULL_CONVERSION = YES;
				CLANG_WARN_OBJC_IMPLICIT_RETAIN_SELF = YES;
				CLANG_WARN_OBJC_LITERAL_CONVERSION = YES;
				CLANG_WARN_OBJC_ROOT_CLASS = YES_ERROR;
				CLANG_WARN_QUOTED_INCLUDE_IN_FRAMEWORK_HEADER = YES;
				CLANG_WARN_RANGE_LOOP_ANALYSIS = YES;
				CLANG_WARN_STRICT_PROTOTYPES = YES;
				CLANG_WARN_SUSPICIOUS_MOVE = YES;
				CLANG_WARN_UNGUARDED_AVAILABILITY = YES_AGGRESSIVE;
				CLANG_WARN_UNREACHABLE_CODE = YES;
				CLANG_WARN__DUPLICATE_METHOD_MATCH = YES;
				COPY_PHASE_STRIP = NO;
				DEBUG_INFORMATION_FORMAT = dwarf;
				ENABLE_STRICT_OBJC_MSGSEND = YES;
				ENABLE_TESTABILITY = YES;
				GCC_C_LANGUAGE_STANDARD = gnu11;
				GCC_DYNAMIC_NO_PIC = NO;
				GCC_NO_COMMON_BLOCKS = YES;
				GCC_OPTIMIZATION_LEVEL = 0;
				GCC_PREPROCESSOR_DEFINITIONS = (
					"DEBUG=1",
					"$(inherited)",
				);
				GCC_WARN_64_TO_32_BIT_CONVERSION = YES;
				GCC_WARN_ABOUT_RETURN_TYPE = YES_ERROR;
				GCC_WARN_UNDECLARED_SELECTOR = YES;
				GCC_WARN_UNINITIALIZED_AUTOS = YES_AGGRESSIVE;
				GCC_WARN_UNUSED_FUNCTION = YES;
				GCC_WARN_UNUSED_VARIABLE = YES;
				IPHONEOS_DEPLOYMENT_TARGET = 16.2;
				MTL_ENABLE_DEBUG_INFO = INCLUDE_SOURCE;
				MTL_FAST_MATH = YES;
				ONLY_ACTIVE_ARCH = YES;
				SDKROOT = iphoneos;
				SWIFT_ACTIVE_COMPILATION_CONDITIONS = DEBUG;
				SWIFT_OPTIMIZATION_LEVEL = "-Onone";
			};
			name = Debug;
		};
		110F91F929A0846E00AD3DED /* Release */ = {
			isa = XCBuildConfiguration;
			buildSettings = {
				ALWAYS_SEARCH_USER_PATHS = NO;
				CLANG_ANALYZER_NONNULL = YES;
				CLANG_ANALYZER_NUMBER_OBJECT_CONVERSION = YES_AGGRESSIVE;
				CLANG_CXX_LANGUAGE_STANDARD = "gnu++20";
				CLANG_ENABLE_MODULES = YES;
				CLANG_ENABLE_OBJC_ARC = YES;
				CLANG_ENABLE_OBJC_WEAK = YES;
				CLANG_WARN_BLOCK_CAPTURE_AUTORELEASING = YES;
				CLANG_WARN_BOOL_CONVERSION = YES;
				CLANG_WARN_COMMA = YES;
				CLANG_WARN_CONSTANT_CONVERSION = YES;
				CLANG_WARN_DEPRECATED_OBJC_IMPLEMENTATIONS = YES;
				CLANG_WARN_DIRECT_OBJC_ISA_USAGE = YES_ERROR;
				CLANG_WARN_DOCUMENTATION_COMMENTS = YES;
				CLANG_WARN_EMPTY_BODY = YES;
				CLANG_WARN_ENUM_CONVERSION = YES;
				CLANG_WARN_INFINITE_RECURSION = YES;
				CLANG_WARN_INT_CONVERSION = YES;
				CLANG_WARN_NON_LITERAL_NULL_CONVERSION = YES;
				CLANG_WARN_OBJC_IMPLICIT_RETAIN_SELF = YES;
				CLANG_WARN_OBJC_LITERAL_CONVERSION = YES;
				CLANG_WARN_OBJC_ROOT_CLASS = YES_ERROR;
				CLANG_WARN_QUOTED_INCLUDE_IN_FRAMEWORK_HEADER = YES;
				CLANG_WARN_RANGE_LOOP_ANALYSIS = YES;
				CLANG_WARN_STRICT_PROTOTYPES = YES;
				CLANG_WARN_SUSPICIOUS_MOVE = YES;
				CLANG_WARN_UNGUARDED_AVAILABILITY = YES_AGGRESSIVE;
				CLANG_WARN_UNREACHABLE_CODE = YES;
				CLANG_WARN__DUPLICATE_METHOD_MATCH = YES;
				COPY_PHASE_STRIP = NO;
				DEBUG_INFORMATION_FORMAT = "dwarf-with-dsym";
				ENABLE_NS_ASSERTIONS = NO;
				ENABLE_STRICT_OBJC_MSGSEND = YES;
				GCC_C_LANGUAGE_STANDARD = gnu11;
				GCC_NO_COMMON_BLOCKS = YES;
				GCC_WARN_64_TO_32_BIT_CONVERSION = YES;
				GCC_WARN_ABOUT_RETURN_TYPE = YES_ERROR;
				GCC_WARN_UNDECLARED_SELECTOR = YES;
				GCC_WARN_UNINITIALIZED_AUTOS = YES_AGGRESSIVE;
				GCC_WARN_UNUSED_FUNCTION = YES;
				GCC_WARN_UNUSED_VARIABLE = YES;
				IPHONEOS_DEPLOYMENT_TARGET = 16.2;
				MTL_ENABLE_DEBUG_INFO = NO;
				MTL_FAST_MATH = YES;
				SDKROOT = iphoneos;
				SWIFT_COMPILATION_MODE = wholemodule;
				SWIFT_OPTIMIZATION_LEVEL = "-O";
				VALIDATE_PRODUCT = YES;
			};
			name = Release;
		};
		110F91FB29A0846E00AD3DED /* Debug */ = {
			isa = XCBuildConfiguration;
			buildSettings = {
				ASSETCATALOG_COMPILER_APPICON_NAME = AppIcon;
				ASSETCATALOG_COMPILER_GLOBAL_ACCENT_COLOR_NAME = AccentColor;
				CODE_SIGN_STYLE = Automatic;
				CURRENT_PROJECT_VERSION = 1;
				DEVELOPMENT_ASSET_PATHS = "\"MovieCal/Preview Content\"";
				DEVELOPMENT_TEAM = 6CW3378X23;
				ENABLE_PREVIEWS = YES;
				GENERATE_INFOPLIST_FILE = YES;
				INFOPLIST_KEY_CFBundleDisplayName = "Where's Felix?";
				INFOPLIST_KEY_UIApplicationSceneManifest_Generation = YES;
				INFOPLIST_KEY_UIApplicationSupportsIndirectInputEvents = YES;
				INFOPLIST_KEY_UILaunchScreen_Generation = YES;
				INFOPLIST_KEY_UISupportedInterfaceOrientations_iPad = "UIInterfaceOrientationPortrait UIInterfaceOrientationPortraitUpsideDown UIInterfaceOrientationLandscapeLeft UIInterfaceOrientationLandscapeRight";
				INFOPLIST_KEY_UISupportedInterfaceOrientations_iPhone = "UIInterfaceOrientationPortrait UIInterfaceOrientationLandscapeLeft UIInterfaceOrientationLandscapeRight";
				IPHONEOS_DEPLOYMENT_TARGET = 15.6;
				LD_RUNPATH_SEARCH_PATHS = (
					"$(inherited)",
					"@executable_path/Frameworks",
				);
				MARKETING_VERSION = 1.0;
				PRODUCT_BUNDLE_IDENTIFIER = com.dylan.MovieCal;
				PRODUCT_NAME = "$(TARGET_NAME)";
				SWIFT_EMIT_LOC_STRINGS = YES;
				SWIFT_VERSION = 5.0;
				TARGETED_DEVICE_FAMILY = "1,2";
			};
			name = Debug;
		};
		110F91FC29A0846E00AD3DED /* Release */ = {
			isa = XCBuildConfiguration;
			buildSettings = {
				ASSETCATALOG_COMPILER_APPICON_NAME = AppIcon;
				ASSETCATALOG_COMPILER_GLOBAL_ACCENT_COLOR_NAME = AccentColor;
				CODE_SIGN_STYLE = Automatic;
				CURRENT_PROJECT_VERSION = 1;
				DEVELOPMENT_ASSET_PATHS = "\"MovieCal/Preview Content\"";
				DEVELOPMENT_TEAM = 6CW3378X23;
				ENABLE_PREVIEWS = YES;
				GENERATE_INFOPLIST_FILE = YES;
				INFOPLIST_KEY_CFBundleDisplayName = "Where's Felix?";
				INFOPLIST_KEY_UIApplicationSceneManifest_Generation = YES;
				INFOPLIST_KEY_UIApplicationSupportsIndirectInputEvents = YES;
				INFOPLIST_KEY_UILaunchScreen_Generation = YES;
				INFOPLIST_KEY_UISupportedInterfaceOrientations_iPad = "UIInterfaceOrientationPortrait UIInterfaceOrientationPortraitUpsideDown UIInterfaceOrientationLandscapeLeft UIInterfaceOrientationLandscapeRight";
				INFOPLIST_KEY_UISupportedInterfaceOrientations_iPhone = "UIInterfaceOrientationPortrait UIInterfaceOrientationLandscapeLeft UIInterfaceOrientationLandscapeRight";
				IPHONEOS_DEPLOYMENT_TARGET = 15.6;
				LD_RUNPATH_SEARCH_PATHS = (
					"$(inherited)",
					"@executable_path/Frameworks",
				);
				MARKETING_VERSION = 1.0;
				PRODUCT_BUNDLE_IDENTIFIER = com.dylan.MovieCal;
				PRODUCT_NAME = "$(TARGET_NAME)";
				SWIFT_EMIT_LOC_STRINGS = YES;
				SWIFT_VERSION = 5.0;
				TARGETED_DEVICE_FAMILY = "1,2";
			};
			name = Release;
		};
		110F91FE29A0846E00AD3DED /* Debug */ = {
			isa = XCBuildConfiguration;
			buildSettings = {
				ALWAYS_EMBED_SWIFT_STANDARD_LIBRARIES = YES;
				BUNDLE_LOADER = "$(TEST_HOST)";
				CODE_SIGN_STYLE = Automatic;
				CURRENT_PROJECT_VERSION = 1;
				DEVELOPMENT_TEAM = 6CW3378X23;
				GENERATE_INFOPLIST_FILE = YES;
				IPHONEOS_DEPLOYMENT_TARGET = 16.2;
				MARKETING_VERSION = 1.0;
				PRODUCT_BUNDLE_IDENTIFIER = com.dylan.MovieCalTests;
				PRODUCT_NAME = "$(TARGET_NAME)";
				SWIFT_EMIT_LOC_STRINGS = NO;
				SWIFT_VERSION = 5.0;
				TARGETED_DEVICE_FAMILY = "1,2";
				TEST_HOST = "$(BUILT_PRODUCTS_DIR)/MovieCal.app/$(BUNDLE_EXECUTABLE_FOLDER_PATH)/MovieCal";
			};
			name = Debug;
		};
		110F91FF29A0846E00AD3DED /* Release */ = {
			isa = XCBuildConfiguration;
			buildSettings = {
				ALWAYS_EMBED_SWIFT_STANDARD_LIBRARIES = YES;
				BUNDLE_LOADER = "$(TEST_HOST)";
				CODE_SIGN_STYLE = Automatic;
				CURRENT_PROJECT_VERSION = 1;
				DEVELOPMENT_TEAM = 6CW3378X23;
				GENERATE_INFOPLIST_FILE = YES;
				IPHONEOS_DEPLOYMENT_TARGET = 16.2;
				MARKETING_VERSION = 1.0;
				PRODUCT_BUNDLE_IDENTIFIER = com.dylan.MovieCalTests;
				PRODUCT_NAME = "$(TARGET_NAME)";
				SWIFT_EMIT_LOC_STRINGS = NO;
				SWIFT_VERSION = 5.0;
				TARGETED_DEVICE_FAMILY = "1,2";
				TEST_HOST = "$(BUILT_PRODUCTS_DIR)/MovieCal.app/$(BUNDLE_EXECUTABLE_FOLDER_PATH)/MovieCal";
			};
			name = Release;
		};
		110F920129A0846E00AD3DED /* Debug */ = {
			isa = XCBuildConfiguration;
			buildSettings = {
				ALWAYS_EMBED_SWIFT_STANDARD_LIBRARIES = YES;
				CODE_SIGN_STYLE = Automatic;
				CURRENT_PROJECT_VERSION = 1;
				DEVELOPMENT_TEAM = 6CW3378X23;
				GENERATE_INFOPLIST_FILE = YES;
				MARKETING_VERSION = 1.0;
				PRODUCT_BUNDLE_IDENTIFIER = com.dylan.MovieCalUITests;
				PRODUCT_NAME = "$(TARGET_NAME)";
				SWIFT_EMIT_LOC_STRINGS = NO;
				SWIFT_VERSION = 5.0;
				TARGETED_DEVICE_FAMILY = "1,2";
				TEST_TARGET_NAME = MovieCal;
			};
			name = Debug;
		};
		110F920229A0846E00AD3DED /* Release */ = {
			isa = XCBuildConfiguration;
			buildSettings = {
				ALWAYS_EMBED_SWIFT_STANDARD_LIBRARIES = YES;
				CODE_SIGN_STYLE = Automatic;
				CURRENT_PROJECT_VERSION = 1;
				DEVELOPMENT_TEAM = 6CW3378X23;
				GENERATE_INFOPLIST_FILE = YES;
				MARKETING_VERSION = 1.0;
				PRODUCT_BUNDLE_IDENTIFIER = com.dylan.MovieCalUITests;
				PRODUCT_NAME = "$(TARGET_NAME)";
				SWIFT_EMIT_LOC_STRINGS = NO;
				SWIFT_VERSION = 5.0;
				TARGETED_DEVICE_FAMILY = "1,2";
				TEST_TARGET_NAME = MovieCal;
			};
			name = Release;
		};
/* End XCBuildConfiguration section */

/* Begin XCConfigurationList section */
		110F91D129A0846C00AD3DED /* Build configuration list for PBXProject "MovieCal" */ = {
			isa = XCConfigurationList;
			buildConfigurations = (
				110F91F829A0846E00AD3DED /* Debug */,
				110F91F929A0846E00AD3DED /* Release */,
			);
			defaultConfigurationIsVisible = 0;
			defaultConfigurationName = Release;
		};
		110F91FA29A0846E00AD3DED /* Build configuration list for PBXNativeTarget "MovieCal" */ = {
			isa = XCConfigurationList;
			buildConfigurations = (
				110F91FB29A0846E00AD3DED /* Debug */,
				110F91FC29A0846E00AD3DED /* Release */,
			);
			defaultConfigurationIsVisible = 0;
			defaultConfigurationName = Release;
		};
		110F91FD29A0846E00AD3DED /* Build configuration list for PBXNativeTarget "MovieCalTests" */ = {
			isa = XCConfigurationList;
			buildConfigurations = (
				110F91FE29A0846E00AD3DED /* Debug */,
				110F91FF29A0846E00AD3DED /* Release */,
			);
			defaultConfigurationIsVisible = 0;
			defaultConfigurationName = Release;
		};
		110F920029A0846E00AD3DED /* Build configuration list for PBXNativeTarget "MovieCalUITests" */ = {
			isa = XCConfigurationList;
			buildConfigurations = (
				110F920129A0846E00AD3DED /* Debug */,
				110F920229A0846E00AD3DED /* Release */,
			);
			defaultConfigurationIsVisible = 0;
			defaultConfigurationName = Release;
		};
/* End XCConfigurationList section */

/* Begin XCRemoteSwiftPackageReference section */
		110F921129A0A56E00AD3DED /* XCRemoteSwiftPackageReference "Nuke" */ = {
			isa = XCRemoteSwiftPackageReference;
			repositoryURL = "https://github.com/kean/Nuke";
			requirement = {
				branch = main;
				kind = branch;
			};
		};
		110F924529A16B9B00AD3DED /* XCRemoteSwiftPackageReference "GRDB" */ = {
			isa = XCRemoteSwiftPackageReference;
			repositoryURL = "https://github.com/groue/GRDB.swift";
			requirement = {
				branch = master;
				kind = branch;
			};
		};
		110F925829A1A93B00AD3DED /* XCRemoteSwiftPackageReference "collectionconcurrencykit" */ = {
			isa = XCRemoteSwiftPackageReference;
			repositoryURL = "https://github.com/johnsundell/collectionconcurrencykit";
			requirement = {
				kind = upToNextMajorVersion;
				minimumVersion = 0.2.0;
			};
		};
/* End XCRemoteSwiftPackageReference section */

/* Begin XCSwiftPackageProductDependency section */
		110F921229A0A56E00AD3DED /* Nuke */ = {
			isa = XCSwiftPackageProductDependency;
			package = 110F921129A0A56E00AD3DED /* XCRemoteSwiftPackageReference "Nuke" */;
			productName = Nuke;
		};
		110F921429A0A56E00AD3DED /* NukeUI */ = {
			isa = XCSwiftPackageProductDependency;
			package = 110F921129A0A56E00AD3DED /* XCRemoteSwiftPackageReference "Nuke" */;
			productName = NukeUI;
		};
		110F924629A16B9B00AD3DED /* GRDB */ = {
			isa = XCSwiftPackageProductDependency;
			package = 110F924529A16B9B00AD3DED /* XCRemoteSwiftPackageReference "GRDB" */;
			productName = GRDB;
		};
		110F925929A1A93B00AD3DED /* CollectionConcurrencyKit */ = {
			isa = XCSwiftPackageProductDependency;
			package = 110F925829A1A93B00AD3DED /* XCRemoteSwiftPackageReference "collectionconcurrencykit" */;
			productName = CollectionConcurrencyKit;
		};
		FC94A9DE2AE2436300E1A595 /* DylKit */ = {
			isa = XCSwiftPackageProductDependency;
			productName = DylKit;
		};
/* End XCSwiftPackageProductDependency section */
	};
	rootObject = 110F91CE29A0846C00AD3DED /* Project object */;
}
